// !$*UTF8*$!
{
	archiveVersion = 1;
	classes = {
	};
	objectVersion = 77;
	objects = {

/* Begin PBXContainerItemProxy section */
		10DE09E8304B088400072088 /* PBXContainerItemProxy */ = {
			isa = PBXContainerItemProxy;
			containerPortal = 10DE09D0304B088100072088 /* Project object */;
			proxyType = 1;
			remoteGlobalIDString = 10DE09D7304B088200072088;
			remoteInfo = Kontrolka;
		};
		10DE09F2304B088400072088 /* PBXContainerItemProxy */ = {
			isa = PBXContainerItemProxy;
			containerPortal = 10DE09D0304B088100072088 /* Project object */;
			proxyType = 1;
			remoteGlobalIDString = 10DE09D7304B088200072088;
			remoteInfo = Kontrolka;
		};
/* End PBXContainerItemProxy section */

/* Begin PBXFileReference section */
		10DE09D8304B088200072088 /* Kontrolka.app */ = {isa = PBXFileReference; explicitFileType = wrapper.application; includeInIndex = 0; path = Kontrolka.app; sourceTree = BUILT_PRODUCTS_DIR; };
		10DE09E7304B088400072088 /* KontrolkaTests.xctest */ = {isa = PBXFileReference; explicitFileType = wrapper.cfbundle; includeInIndex = 0; path = KontrolkaTests.xctest; sourceTree = BUILT_PRODUCTS_DIR; };
		10DE09F1304B088400072088 /* KontrolkaUITests.xctest */ = {isa = PBXFileReference; explicitFileType = wrapper.cfbundle; includeInIndex = 0; path = KontrolkaUITests.xctest; sourceTree = BUILT_PRODUCTS_DIR; };
/* End PBXFileReference section */

/* Begin PBXFileSystemSynchronizedBuildFileExceptionSet section */
		10DE0A27304B0E2200072088 /* Exceptions for "Kontrolka" folder in "Kontrolka" target */ = {
			isa = PBXFileSystemSynchronizedBuildFileExceptionSet;
			membershipExceptions = (
				Info.plist,
			);
			target = 10DE09D7304B088200072088 /* Kontrolka */;
		};
/* End PBXFileSystemSynchronizedBuildFileExceptionSet section */

/* Begin PBXFileSystemSynchronizedRootGroup section */
		10DE09DA304B088200072088 /* Kontrolka */ = {
			isa = PBXFileSystemSynchronizedRootGroup;
			exceptions = (
				10DE0A27304B0E2200072088 /* Exceptions for "Kontrolka" folder in "Kontrolka" target */,
			);
			path = Kontrolka;
			sourceTree = "<group>";
		};
		10DE09EA304B088400072088 /* KontrolkaTests */ = {
			isa = PBXFileSystemSynchronizedRootGroup;
			path = KontrolkaTests;
			sourceTree = "<group>";
		};
		10DE09F4304B088400072088 /* KontrolkaUITests */ = {
			isa = PBXFileSystemSynchronizedRootGroup;
			path = KontrolkaUITests;
			sourceTree = "<group>";
		};
/* End PBXFileSystemSynchronizedRootGroup section */

/* Begin PBXFrameworksBuildPhase section */
		10DE09D5304B088200072088 /* Frameworks */ = {
			isa = PBXFrameworksBuildPhase;
			buildActionMask = 2147483647;
			files = (
			);
			runOnlyForDeploymentPostprocessing = 0;
		};
		10DE09E4304B088400072088 /* Frameworks */ = {
			isa = PBXFrameworksBuildPhase;
			buildActionMask = 2147483647;
			files = (
			);
			runOnlyForDeploymentPostprocessing = 0;
		};
		10DE09EE304B088400072088 /* Frameworks */ = {
			isa = PBXFrameworksBuildPhase;
			buildActionMask = 2147483647;
			files = (
			);
			runOnlyForDeploymentPostprocessing = 0;
		};
/* End PBXFrameworksBuildPhase section */

/* Begin PBXGroup section */
		10DE09CF304B088100072088 = {
			isa = PBXGroup;
			children = (
				10DE09DA304B088200072088 /* Kontrolka */,
				10DE09EA304B088400072088 /* KontrolkaTests */,
				10DE09F4304B088400072088 /* KontrolkaUITests */,
				10DE09D9304B088200072088 /* Products */,
			);
			sourceTree = "<group>";
		};
		10DE09D9304B088200072088 /* Products */ = {
			isa = PBXGroup;
			children = (
				10DE09D8304B088200072088 /* Kontrolka.app */,
				10DE09E7304B088400072088 /* KontrolkaTests.xctest */,
				10DE09F1304B088400072088 /* KontrolkaUITests.xctest */,
			);
			name = Products;
			sourceTree = "<group>";
		};
/* End PBXGroup section */

/* Begin PBXNativeTarget section */
		10DE09D7304B088200072088 /* Kontrolka */ = {
			isa = PBXNativeTarget;
			buildConfigurationList = 10DE09FB304B088400072088 /* Build configuration list for PBXNativeTarget "Kontrolka" */;
			buildPhases = (
				10DE09D4304B088200072088 /* Sources */,
				10DE09D5304B088200072088 /* Frameworks */,
				10DE09D6304B088200072088 /* Resources */,
			);
			buildRules = (
			);
			dependencies = (
			);
			fileSystemSynchronizedGroups = (
				10DE09DA304B088200072088 /* Kontrolka */,
			);
			name = Kontrolka;
			packageProductDependencies = (
			);
			productName = Kontrolka;
			productReference = 10DE09D8304B088200072088 /* Kontrolka.app */;
			productType = "com.apple.product-type.application";
		};
		10DE09E6304B088400072088 /* KontrolkaTests */ = {
			isa = PBXNativeTarget;
			buildConfigurationList = 10DE09FE304B088400072088 /* Build configuration list for PBXNativeTarget "KontrolkaTests" */;
			buildPhases = (
				10DE09E3304B088400072088 /* Sources */,
				10DE09E4304B088400072088 /* Frameworks */,
				10DE09E5304B088400072088 /* Resources */,
			);
			buildRules = (
			);
			dependencies = (
				10DE09E9304B088400072088 /* PBXTargetDependency */,
			);
			fileSystemSynchronizedGroups = (
				10DE09EA304B088400072088 /* KontrolkaTests */,
			);
			name = KontrolkaTests;
			packageProductDependencies = (
			);
			productName = KontrolkaTests;
			productReference = 10DE09E7304B088400072088 /* KontrolkaTests.xctest */;
			productType = "com.apple.product-type.bundle.unit-test";
		};
		10DE09F0304B088400072088 /* KontrolkaUITests */ = {
			isa = PBXNativeTarget;
			buildConfigurationList = 10DE0A01304B088400072088 /* Build configuration list for PBXNativeTarget "KontrolkaUITests" */;
			buildPhases = (
				10DE09ED304B088400072088 /* Sources */,
				10DE09EE304B088400072088 /* Frameworks */,
				10DE09EF304B088400072088 /* Resources */,
			);
			buildRules = (
			);
			dependencies = (
				10DE09F3304B088400072088 /* PBXTargetDependency */,
			);
			fileSystemSynchronizedGroups = (
				10DE09F4304B088400072088 /* KontrolkaUITests */,
			);
			name = KontrolkaUITests;
			packageProductDependencies = (
			);
			productName = KontrolkaUITests;
			productReference = 10DE09F1304B088400072088 /* KontrolkaUITests.xctest */;
			productType = "com.apple.product-type.bundle.ui-testing";
		};
/* End PBXNativeTarget section */

/* Begin PBXProject section */
		10DE09D0304B088100072088 /* Project object */ = {
			isa = PBXProject;
			attributes = {
				BuildIndependentTargetsInParallel = 1;
				LastSwiftUpdateCheck = 2660;
				LastUpgradeCheck = 2660;
				TargetAttributes = {
					10DE09D7304B088200072088 = {
						CreatedOnToolsVersion = 26.6;
					};
					10DE09E6304B088400072088 = {
						CreatedOnToolsVersion = 26.6;
						TestTargetID = 10DE09D7304B088200072088;
					};
					10DE09F0304B088400072088 = {
						CreatedOnToolsVersion = 26.6;
						TestTargetID = 10DE09D7304B088200072088;
					};
				};
			};
			buildConfigurationList = 10DE09D3304B088100072088 /* Build configuration list for PBXProject "Kontrolka" */;
			developmentRegion = en;
			hasScannedForEncodings = 0;
			knownRegions = (
				en,
				Base,
			);
			mainGroup = 10DE09CF304B088100072088;
			minimizedProjectReferenceProxies = 1;
			preferredProjectObjectVersion = 77;
			productRefGroup = 10DE09D9304B088200072088 /* Products */;
			projectDirPath = "";
			projectRoot = "";
			targets = (
				10DE09D7304B088200072088 /* Kontrolka */,
				10DE09E6304B088400072088 /* KontrolkaTests */,
				10DE09F0304B088400072088 /* KontrolkaUITests */,
			);
		};
/* End PBXProject section */

/* Begin PBXResourcesBuildPhase section */
		10DE09D6304B088200072088 /* Resources */ = {
			isa = PBXResourcesBuildPhase;
			buildActionMask = 2147483647;
			files = (
			);
			runOnlyForDeploymentPostprocessing = 0;
		};
		10DE09E5304B088400072088 /* Resources */ = {
			isa = PBXResourcesBuildPhase;
			buildActionMask = 2147483647;
			files = (
			);
			runOnlyForDeploymentPostprocessing = 0;
		};
		10DE09EF304B088400072088 /* Resources */ = {
			isa = PBXResourcesBuildPhase;
			buildActionMask = 2147483647;
			files = (
			);
			runOnlyForDeploymentPostprocessing = 0;
		};
/* End PBXResourcesBuildPhase section */

/* Begin PBXSourcesBuildPhase section */
		10DE09D4304B088200072088 /* Sources */ = {
			isa = PBXSourcesBuildPhase;
			buildActionMask = 2147483647;
			files = (
			);
			runOnlyForDeploymentPostprocessing = 0;
		};
		10DE09E3304B088400072088 /* Sources */ = {
			isa = PBXSourcesBuildPhase;
			buildActionMask = 2147483647;
			files = (
			);
			runOnlyForDeploymentPostprocessing = 0;
		};
		10DE09ED304B088400072088 /* Sources */ = {
			isa = PBXSourcesBuildPhase;
			buildActionMask = 2147483647;
			files = (
			);
			runOnlyForDeploymentPostprocessing = 0;
		};
/* End PBXSourcesBuildPhase section */

/* Begin PBXTargetDependency section */
		10DE09E9304B088400072088 /* PBXTargetDependency */ = {
			isa = PBXTargetDependency;
			target = 10DE09D7304B088200072088 /* Kontrolka */;
			targetProxy = 10DE09E8304B088400072088 /* PBXContainerItemProxy */;
		};
		10DE09F3304B088400072088 /* PBXTargetDependency */ = {
			isa = PBXTargetDependency;
			target = 10DE09D7304B088200072088 /* Kontrolka */;
			targetProxy = 10DE09F2304B088400072088 /* PBXContainerItemProxy */;
		};
/* End PBXTargetDependency section */

/* Begin XCBuildConfiguration section */
		10DE09F9304B088400072088 /* Debug */ = {
			isa = XCBuildConfiguration;
			buildSettings = {
				ALWAYS_SEARCH_USER_PATHS = NO;
				ASSETCATALOG_COMPILER_GENERATE_SWIFT_ASSET_SYMBOL_EXTENSIONS = YES;
				CLANG_ANALYZER_NONNULL = YES;
				CLANG_ANALYZER_NUMBER_OBJECT_CONVERSION = YES_AGGRESSIVE;
				CLANG_CXX_LANGUAGE_STANDARD = "gnu++20";
				CLANG_ENABLE_MODULES = YES;
				CLANG_ENABLE_OBJC_ARC = YES;
				CLANG_ENABLE_OBJC_WEAK = YES;
				CLANG_WARN_BLOCK_CAPTURE_AUTORELEASING = YES;
				CLANG_WARN_BOOL_CONVERSION = YES;
				CLANG_WARN_COMMA = YES;
				CLANG_WARN_CONSTANT_CONVERSION = YES;
				CLANG_WARN_DEPRECATED_OBJC_IMPLEMENTATIONS = YES;
				CLANG_WARN_DIRECT_OBJC_ISA_USAGE = YES_ERROR;
				CLANG_WARN_DOCUMENTATION_COMMENTS = YES;
				CLANG_WARN_EMPTY_BODY = YES;
				CLANG_WARN_ENUM_CONVERSION = YES;
				CLANG_WARN_INFINITE_RECURSION = YES;
				CLANG_WARN_INT_CONVERSION = YES;
				CLANG_WARN_NON_LITERAL_NULL_CONVERSION = YES;
				CLANG_WARN_OBJC_IMPLICIT_RETAIN_SELF = YES;
				CLANG_WARN_OBJC_LITERAL_CONVERSION = YES;
				CLANG_WARN_OBJC_ROOT_CLASS = YES_ERROR;
				CLANG_WARN_QUOTED_INCLUDE_IN_FRAMEWORK_HEADER = YES;
				CLANG_WARN_RANGE_LOOP_ANALYSIS = YES;
				CLANG_WARN_STRICT_PROTOTYPES = YES;
				CLANG_WARN_SUSPICIOUS_MOVE = YES;
				CLANG_WARN_UNGUARDED_AVAILABILITY = YES_AGGRESSIVE;
				CLANG_WARN_UNREACHABLE_CODE = YES;
				CLANG_WARN__DUPLICATE_METHOD_MATCH = YES;
				COPY_PHASE_STRIP = NO;
				DEBUG_INFORMATION_FORMAT = dwarf;
				ENABLE_STRICT_OBJC_MSGSEND = YES;
				ENABLE_TESTABILITY = YES;
				ENABLE_USER_SCRIPT_SANDBOXING = YES;
				GCC_C_LANGUAGE_STANDARD = gnu17;
				GCC_DYNAMIC_NO_PIC = NO;
				GCC_NO_COMMON_BLOCKS = YES;
				GCC_OPTIMIZATION_LEVEL = 0;
				GCC_PREPROCESSOR_DEFINITIONS = (
					"DEBUG=1",
					"$(inherited)",
				);
				GCC_WARN_64_TO_32_BIT_CONVERSION = YES;
				GCC_WARN_ABOUT_RETURN_TYPE = YES_ERROR;
				GCC_WARN_UNDECLARED_SELECTOR = YES;
				GCC_WARN_UNINITIALIZED_AUTOS = YES_AGGRESSIVE;
				GCC_WARN_UNUSED_FUNCTION = YES;
				GCC_WARN_UNUSED_VARIABLE = YES;
				IPHONEOS_DEPLOYMENT_TARGET = 26.5;
				LOCALIZATION_PREFERS_STRING_CATALOGS = YES;
				MTL_ENABLE_DEBUG_INFO = INCLUDE_SOURCE;
				MTL_FAST_MATH = YES;
				ONLY_ACTIVE_ARCH = YES;
				SDKROOT = iphoneos;
				SWIFT_ACTIVE_COMPILATION_CONDITIONS = "DEBUG $(inherited)";
				SWIFT_OPTIMIZATION_LEVEL = "-Onone";
			};
			name = Debug;
		};
		10DE09FA304B088400072088 /* Release */ = {
			isa = XCBuildConfiguration;
			buildSettings = {
				ALWAYS_SEARCH_USER_PATHS = NO;
				ASSETCATALOG_COMPILER_GENERATE_SWIFT_ASSET_SYMBOL_EXTENSIONS = YES;
				CLANG_ANALYZER_NONNULL = YES;
				CLANG_ANALYZER_NUMBER_OBJECT_CONVERSION = YES_AGGRESSIVE;
				CLANG_CXX_LANGUAGE_STANDARD = "gnu++20";
				CLANG_ENABLE_MODULES = YES;
				CLANG_ENABLE_OBJC_ARC = YES;
				CLANG_ENABLE_OBJC_WEAK = YES;
				CLANG_WARN_BLOCK_CAPTURE_AUTORELEASING = YES;
				CLANG_WARN_BOOL_CONVERSION = YES;
				CLANG_WARN_COMMA = YES;
				CLANG_WARN_CONSTANT_CONVERSION = YES;
				CLANG_WARN_DEPRECATED_OBJC_IMPLEMENTATIONS = YES;
				CLANG_WARN_DIRECT_OBJC_ISA_USAGE = YES_ERROR;
				CLANG_WARN_DOCUMENTATION_COMMENTS = YES;
				CLANG_WARN_EMPTY_BODY = YES;
				CLANG_WARN_ENUM_CONVERSION = YES;
				CLANG_WARN_INFINITE_RECURSION = YES;
				CLANG_WARN_INT_CONVERSION = YES;
				CLANG_WARN_NON_LITERAL_NULL_CONVERSION = YES;
				CLANG_WARN_OBJC_IMPLICIT_RETAIN_SELF = YES;
				CLANG_WARN_OBJC_LITERAL_CONVERSION = YES;
				CLANG_WARN_OBJC_ROOT_CLASS = YES_ERROR;
				CLANG_WARN_QUOTED_INCLUDE_IN_FRAMEWORK_HEADER = YES;
				CLANG_WARN_RANGE_LOOP_ANALYSIS = YES;
				CLANG_WARN_STRICT_PROTOTYPES = YES;
				CLANG_WARN_SUSPICIOUS_MOVE = YES;
				CLANG_WARN_UNGUARDED_AVAILABILITY = YES_AGGRESSIVE;
				CLANG_WARN_UNREACHABLE_CODE = YES;
				CLANG_WARN__DUPLICATE_METHOD_MATCH = YES;
				COPY_PHASE_STRIP = NO;
				DEBUG_INFORMATION_FORMAT = "dwarf-with-dsym";
				ENABLE_NS_ASSERTIONS = NO;
				ENABLE_STRICT_OBJC_MSGSEND = YES;
				ENABLE_USER_SCRIPT_SANDBOXING = YES;
				GCC_C_LANGUAGE_STANDARD = gnu17;
				GCC_NO_COMMON_BLOCKS = YES;
				GCC_WARN_64_TO_32_BIT_CONVERSION = YES;
				GCC_WARN_ABOUT_RETURN_TYPE = YES_ERROR;
				GCC_WARN_UNDECLARED_SELECTOR = YES;
				GCC_WARN_UNINITIALIZED_AUTOS = YES_AGGRESSIVE;
				GCC_WARN_UNUSED_FUNCTION = YES;
				GCC_WARN_UNUSED_VARIABLE = YES;
				IPHONEOS_DEPLOYMENT_TARGET = 26.5;
				LOCALIZATION_PREFERS_STRING_CATALOGS = YES;
				MTL_ENABLE_DEBUG_INFO = NO;
				MTL_FAST_MATH = YES;
				SDKROOT = iphoneos;
				SWIFT_COMPILATION_MODE = wholemodule;
				VALIDATE_PRODUCT = YES;
			};
			name = Release;
		};
		10DE09FC304B088400072088 /* Debug */ = {
			isa = XCBuildConfiguration;
			buildSettings = {
				ASSETCATALOG_COMPILER_APPICON_NAME = AppIcon;
				ASSETCATALOG_COMPILER_GLOBAL_ACCENT_COLOR_NAME = AccentColor;
				CODE_SIGN_STYLE = Automatic;
				CURRENT_PROJECT_VERSION = 1;
				ENABLE_PREVIEWS = YES;
				GENERATE_INFOPLIST_FILE = YES;
				INFOPLIST_FILE = Kontrolka/Info.plist;
				INFOPLIST_KEY_NSCalendarsUsageDescription = "Kontrolka potřebuje přístup ke kalendáři, abys mohl exportovat lhůty.";
				INFOPLIST_KEY_NSCalendarsWriteOnlyAccessUsageDescription = "Kontrolka potřebuje přístup ke kalendáři, abys mohl exportovat lhůty.";
				INFOPLIST_KEY_NSCameraUsageDescription = "Kontrolka potřebuje přístup k fotoaparátu, abys mohl vyfotit doklad.";
				INFOPLIST_KEY_NSPhotoLibraryUsageDescription = "Kontrolka potřebuje přístup k fotkám, abys mohl přidat fotku dokladu.";
				INFOPLIST_KEY_UIApplicationSceneManifest_Generation = YES;
				INFOPLIST_KEY_UIApplicationSupportsIndirectInputEvents = YES;
				INFOPLIST_KEY_UILaunchScreen_Generation = YES;
				INFOPLIST_KEY_UISupportedInterfaceOrientations_iPad = "UIInterfaceOrientationPortrait UIInterfaceOrientationPortraitUpsideDown UIInterfaceOrientationLandscapeLeft UIInterfaceOrientationLandscapeRight";
				INFOPLIST_KEY_UISupportedInterfaceOrientations_iPhone = "UIInterfaceOrientationPortrait UIInterfaceOrientationLandscapeLeft UIInterfaceOrientationLandscapeRight";
				LD_RUNPATH_SEARCH_PATHS = (
					"$(inherited)",
					"@executable_path/Frameworks",
				);
				MARKETING_VERSION = 1.0;
				PRODUCT_BUNDLE_IDENTIFIER = tom.Kontrolka;
				PRODUCT_NAME = "$(TARGET_NAME)";
				STRING_CATALOG_GENERATE_SYMBOLS = YES;
				SWIFT_APPROACHABLE_CONCURRENCY = YES;
				SWIFT_DEFAULT_ACTOR_ISOLATION = MainActor;
				SWIFT_EMIT_LOC_STRINGS = YES;
				SWIFT_UPCOMING_FEATURE_MEMBER_IMPORT_VISIBILITY = YES;
				SWIFT_VERSION = 5.0;
				TARGETED_DEVICE_FAMILY = "1,2";
			};
			name = Debug;
		};
		10DE09FD304B088400072088 /* Release */ = {
			isa = XCBuildConfiguration;
			buildSettings = {
				ASSETCATALOG_COMPILER_APPICON_NAME = AppIcon;
				ASSETCATALOG_COMPILER_GLOBAL_ACCENT_COLOR_NAME = AccentColor;
				CODE_SIGN_STYLE = Automatic;
				CURRENT_PROJECT_VERSION = 1;
				ENABLE_PREVIEWS = YES;
				GENERATE_INFOPLIST_FILE = YES;
				INFOPLIST_FILE = Kontrolka/Info.plist;
				INFOPLIST_KEY_NSCalendarsUsageDescription = "Kontrolka potřebuje přístup ke kalendáři, abys mohl exportovat lhůty.";
				INFOPLIST_KEY_NSCalendarsWriteOnlyAccessUsageDescription = "Kontrolka potřebuje přístup ke kalendáři, abys mohl exportovat lhůty.";
				INFOPLIST_KEY_NSCameraUsageDescription = "Kontrolka potřebuje přístup k fotoaparátu, abys mohl vyfotit doklad.";
				INFOPLIST_KEY_NSPhotoLibraryUsageDescription = "Kontrolka potřebuje přístup k fotkám, abys mohl přidat fotku dokladu.";
				INFOPLIST_KEY_UIApplicationSceneManifest_Generation = YES;
				INFOPLIST_KEY_UIApplicationSupportsIndirectInputEvents = YES;
				INFOPLIST_KEY_UILaunchScreen_Generation = YES;
				INFOPLIST_KEY_UISupportedInterfaceOrientations_iPad = "UIInterfaceOrientationPortrait UIInterfaceOrientationPortraitUpsideDown UIInterfaceOrientationLandscapeLeft UIInterfaceOrientationLandscapeRight";
				INFOPLIST_KEY_UISupportedInterfaceOrientations_iPhone = "UIInterfaceOrientationPortrait UIInterfaceOrientationLandscapeLeft UIInterfaceOrientationLandscapeRight";
				LD_RUNPATH_SEARCH_PATHS = (
					"$(inherited)",
					"@executable_path/Frameworks",
				);
				MARKETING_VERSION = 1.0;
				PRODUCT_BUNDLE_IDENTIFIER = tom.Kontrolka;
				PRODUCT_NAME = "$(TARGET_NAME)";
				STRING_CATALOG_GENERATE_SYMBOLS = YES;
				SWIFT_APPROACHABLE_CONCURRENCY = YES;
				SWIFT_DEFAULT_ACTOR_ISOLATION = MainActor;
				SWIFT_EMIT_LOC_STRINGS = YES;
				SWIFT_UPCOMING_FEATURE_MEMBER_IMPORT_VISIBILITY = YES;
				SWIFT_VERSION = 5.0;
				TARGETED_DEVICE_FAMILY = "1,2";
			};
			name = Release;
		};
		10DE09FF304B088400072088 /* Debug */ = {
			isa = XCBuildConfiguration;
			buildSettings = {
				BUNDLE_LOADER = "$(TEST_HOST)";
				CODE_SIGN_STYLE = Automatic;
				CURRENT_PROJECT_VERSION = 1;
				GENERATE_INFOPLIST_FILE = YES;
				IPHONEOS_DEPLOYMENT_TARGET = 26.5;
				MARKETING_VERSION = 1.0;
				PRODUCT_BUNDLE_IDENTIFIER = tom.KontrolkaTests;
				PRODUCT_NAME = "$(TARGET_NAME)";
				STRING_CATALOG_GENERATE_SYMBOLS = NO;
				SWIFT_APPROACHABLE_CONCURRENCY = YES;
				SWIFT_EMIT_LOC_STRINGS = NO;
				SWIFT_UPCOMING_FEATURE_MEMBER_IMPORT_VISIBILITY = YES;
				SWIFT_VERSION = 5.0;
				TARGETED_DEVICE_FAMILY = "1,2";
				TEST_HOST = "$(BUILT_PRODUCTS_DIR)/Kontrolka.app/$(BUNDLE_EXECUTABLE_FOLDER_PATH)/Kontrolka";
			};
			name = Debug;
		};
		10DE0A00304B088400072088 /* Release */ = {
			isa = XCBuildConfiguration;
			buildSettings = {
				BUNDLE_LOADER = "$(TEST_HOST)";
				CODE_SIGN_STYLE = Automatic;
				CURRENT_PROJECT_VERSION = 1;
				GENERATE_INFOPLIST_FILE = YES;
				IPHONEOS_DEPLOYMENT_TARGET = 26.5;
				MARKETING_VERSION = 1.0;
				PRODUCT_BUNDLE_IDENTIFIER = tom.KontrolkaTests;
				PRODUCT_NAME = "$(TARGET_NAME)";
				STRING_CATALOG_GENERATE_SYMBOLS = NO;
				SWIFT_APPROACHABLE_CONCURRENCY = YES;
				SWIFT_EMIT_LOC_STRINGS = NO;
				SWIFT_UPCOMING_FEATURE_MEMBER_IMPORT_VISIBILITY = YES;
				SWIFT_VERSION = 5.0;
				TARGETED_DEVICE_FAMILY = "1,2";
				TEST_HOST = "$(BUILT_PRODUCTS_DIR)/Kontrolka.app/$(BUNDLE_EXECUTABLE_FOLDER_PATH)/Kontrolka";
			};
			name = Release;
		};
		10DE0A02304B088400072088 /* Debug */ = {
			isa = XCBuildConfiguration;
			buildSettings = {
				CODE_SIGN_STYLE = Automatic;
				CURRENT_PROJECT_VERSION = 1;
				GENERATE_INFOPLIST_FILE = YES;
				MARKETING_VERSION = 1.0;
				PRODUCT_BUNDLE_IDENTIFIER = tom.KontrolkaUITests;
				PRODUCT_NAME = "$(TARGET_NAME)";
				STRING_CATALOG_GENERATE_SYMBOLS = NO;
				SWIFT_APPROACHABLE_CONCURRENCY = YES;
				SWIFT_EMIT_LOC_STRINGS = NO;
				SWIFT_UPCOMING_FEATURE_MEMBER_IMPORT_VISIBILITY = YES;
				SWIFT_VERSION = 5.0;
				TARGETED_DEVICE_FAMILY = "1,2";
				TEST_TARGET_NAME = Kontrolka;
			};
			name = Debug;
		};
		10DE0A03304B088400072088 /* Release */ = {
			isa = XCBuildConfiguration;
			buildSettings = {
				CODE_SIGN_STYLE = Automatic;
				CURRENT_PROJECT_VERSION = 1;
				GENERATE_INFOPLIST_FILE = YES;
				MARKETING_VERSION = 1.0;
				PRODUCT_BUNDLE_IDENTIFIER = tom.KontrolkaUITests;
				PRODUCT_NAME = "$(TARGET_NAME)";
				STRING_CATALOG_GENERATE_SYMBOLS = NO;
				SWIFT_APPROACHABLE_CONCURRENCY = YES;
				SWIFT_EMIT_LOC_STRINGS = NO;
				SWIFT_UPCOMING_FEATURE_MEMBER_IMPORT_VISIBILITY = YES;
				SWIFT_VERSION = 5.0;
				TARGETED_DEVICE_FAMILY = "1,2";
				TEST_TARGET_NAME = Kontrolka;
			};
			name = Release;
		};
/* End XCBuildConfiguration section */

/* Begin XCConfigurationList section */
		10DE09D3304B088100072088 /* Build configuration list for PBXProject "Kontrolka" */ = {
			isa = XCConfigurationList;
			buildConfigurations = (
				10DE09F9304B088400072088 /* Debug */,
				10DE09FA304B088400072088 /* Release */,
			);
			defaultConfigurationIsVisible = 0;
			defaultConfigurationName = Release;
		};
		10DE09FB304B088400072088 /* Build configuration list for PBXNativeTarget "Kontrolka" */ = {
			isa = XCConfigurationList;
			buildConfigurations = (
				10DE09FC304B088400072088 /* Debug */,
				10DE09FD304B088400072088 /* Release */,
			);
			defaultConfigurationIsVisible = 0;
			defaultConfigurationName = Release;
		};
		10DE09FE304B088400072088 /* Build configuration list for PBXNativeTarget "KontrolkaTests" */ = {
			isa = XCConfigurationList;
			buildConfigurations = (
				10DE09FF304B088400072088 /* Debug */,
				10DE0A00304B088400072088 /* Release */,
			);
			defaultConfigurationIsVisible = 0;
			defaultConfigurationName = Release;
		};
		10DE0A01304B088400072088 /* Build configuration list for PBXNativeTarget "KontrolkaUITests" */ = {
			isa = XCConfigurationList;
			buildConfigurations = (
				10DE0A02304B088400072088 /* Debug */,
				10DE0A03304B088400072088 /* Release */,
			);
			defaultConfigurationIsVisible = 0;
			defaultConfigurationName = Release;
		};
/* End XCConfigurationList section */
	};
	rootObject = 10DE09D0304B088100072088 /* Project object */;
}
